
Microsoft Visual Studio Solution File, Format Version 12.00
# Visual Studio Version 17
VisualStudioVersion = 17.0.31903.59
MinimumVisualStudioVersion = 10.0.40219.1
Project("{2150E333-8FDC-42A3-9474-1A3956D46DE8}") = "src", "src", "{FCDD8AD8-1859-45E4-973C-55A533D4B3E3}"
EndProject
Project("{FAE04EC0-301F-11D3-BF4B-00C04F79EFBC}") = "RedisStackDemo.Api", "src\RedisStackDemo.Api\RedisStackDemo.Api.csproj", "{DCD78389-89CC-4C26-97FF-A219B9C4C66E}"
EndProject
Global
	GlobalSection(SolutionConfigurationPlatforms) = preSolution
		Debug|Any CPU = Debug|Any CPU
		Release|Any CPU = Release|Any CPU
	EndGlobalSection
	GlobalSection(SolutionProperties) = preSolution
		HideSolutionNode = FALSE
	EndGlobalSection
	GlobalSection(ProjectConfigurationPlatforms) = postSolution
		{DCD78389-89CC-4C26-97FF-A219B9C4C66E}.Debug|Any CPU.ActiveCfg = Debug|Any CPU
		{DCD78389-89CC-4C26-97FF-A219B9C4C66E}.Debug|Any CPU.Build.0 = Debug|Any CPU
		{DCD78389-89CC-4C26-97FF-A219B9C4C66E}.Release|Any CPU.ActiveCfg = Release|Any CPU
		{DCD78389-89CC-4C26-97FF-A219B9C4C66E}.Release|Any CPU.Build.0 = Release|Any CPU
	EndGlobalSection
	GlobalSection(NestedProjects) = preSolution
		{DCD78389-89CC-4C26-97FF-A219B9C4C66E} = {FCDD8AD8-1859-45E4-973C-55A533D4B3E3}
	EndGlobalSection
EndGlobal
